
Microsoft Visual Studio Solution File, Format Version 9.00
# Visual Studio 2005
Project("{8BC9CEB8-8B4A-11D0-8D11-00A0C91BC942}") = "dotNET界面", "dotNET界面.vcproj", "{33FBFF8A-2841-4DB8-82A6-8F96F6E24EBF}"
EndProject
Global
	GlobalSection(SolutionConfigurationPlatforms) = preSolution
		Debug|Win32 = Debug|Win32
		Release|Win32 = Release|Win32
	EndGlobalSection
	GlobalSection(ProjectConfigurationPlatforms) = postSolution
		{33FBFF8A-2841-4DB8-82A6-8F96F6E24EBF}.Debug|Win32.ActiveCfg = Debug|Win32
		{33FBFF8A-2841-4DB8-82A6-8F96F6E24EBF}.Debug|Win32.Build.0 = Debug|Win32
		{33FBFF8A-2841-4DB8-82A6-8F96F6E24EBF}.Release|Win32.ActiveCfg = Release|Win32
		{33FBFF8A-2841-4DB8-82A6-8F96F6E24EBF}.Release|Win32.Build.0 = Release|Win32
	EndGlobalSection
	GlobalSection(SolutionProperties) = preSolution
		HideSolutionNode = FALSE
	EndGlobalSection
EndGlobal
