
Microsoft Visual Studio Solution File, Format Version 9.00
# Visual Studio 2005
Project("{8BC9CEB8-8B4A-11D0-8D11-00A0C91BC942}") = "CJ60Lib", "source\CJ60Lib\CJ60Lib.vcproj", "{DF1F349C-5E5F-46C9-A0E3-763C63BB9B1A}"
EndProject
Project("{8BC9CEB8-8B4A-11D0-8D11-00A0C91BC942}") = "CJ60StaticLib", "source\CJ60Lib\CJ60StaticLib.vcproj", "{DF813E88-D342-4D05-A250-0919143B1511}"
EndProject
Project("{8BC9CEB8-8B4A-11D0-8D11-00A0C91BC942}") = "SciLexer", "source\scintilla\SciLexer.vcproj", "{A69BE7E6-54CB-4686-BA58-6428A4D58B6A}"
EndProject
Project("{8BC9CEB8-8B4A-11D0-8D11-00A0C91BC942}") = "ide2", "source\Ide2\ide2.vcproj", "{476E95F0-5248-4495-9414-67C0A9BFF25C}"
	ProjectSection(ProjectDependencies) = postProject
		{DF1F349C-5E5F-46C9-A0E3-763C63BB9B1A} = {DF1F349C-5E5F-46C9-A0E3-763C63BB9B1A}
		{A69BE7E6-54CB-4686-BA58-6428A4D58B6A} = {A69BE7E6-54CB-4686-BA58-6428A4D58B6A}
		{D3D1A3AE-9BB8-490D-A668-8D8BA602B54E} = {D3D1A3AE-9BB8-490D-A668-8D8BA602B54E}
		{81513D83-FED3-47A7-BB22-CF90C47CA8F9} = {81513D83-FED3-47A7-BB22-CF90C47CA8F9}
	EndProjectSection
EndProject
Project("{8BC9CEB8-8B4A-11D0-8D11-00A0C91BC942}") = "libapi", "source\libapi\libapi.vcproj", "{81513D83-FED3-47A7-BB22-CF90C47CA8F9}"
EndProject
Project("{8BC9CEB8-8B4A-11D0-8D11-00A0C91BC942}") = "stdlib", "source\stdlib\stdlib.vcproj", "{D3D1A3AE-9BB8-490D-A668-8D8BA602B54E}"
	ProjectSection(ProjectDependencies) = postProject
		{D7E64D11-C9B1-4FF0-8B37-1D9500EC9C5F} = {D7E64D11-C9B1-4FF0-8B37-1D9500EC9C5F}
		{81513D83-FED3-47A7-BB22-CF90C47CA8F9} = {81513D83-FED3-47A7-BB22-CF90C47CA8F9}
	EndProjectSection
EndProject
Project("{8BC9CEB8-8B4A-11D0-8D11-00A0C91BC942}") = "lua", "lua\lua.vcproj", "{D7E64D11-C9B1-4FF0-8B37-1D9500EC9C5F}"
EndProject
Project("{8BC9CEB8-8B4A-11D0-8D11-00A0C91BC942}") = "luac", "lua\luac.vcproj", "{9E6B13EB-68C2-432C-9089-85154BFA263B}"
EndProject
Global
	GlobalSection(SolutionConfigurationPlatforms) = preSolution
		Debug|Win32 = Debug|Win32
		LibDebugRuntimeDll|Win32 = LibDebugRuntimeDll|Win32
		Release|Win32 = Release|Win32
	EndGlobalSection
	GlobalSection(ProjectConfigurationPlatforms) = postSolution
		{DF1F349C-5E5F-46C9-A0E3-763C63BB9B1A}.Debug|Win32.ActiveCfg = Debug|Win32
		{DF1F349C-5E5F-46C9-A0E3-763C63BB9B1A}.Debug|Win32.Build.0 = Debug|Win32
		{DF1F349C-5E5F-46C9-A0E3-763C63BB9B1A}.LibDebugRuntimeDll|Win32.ActiveCfg = Debug|Win32
		{DF1F349C-5E5F-46C9-A0E3-763C63BB9B1A}.LibDebugRuntimeDll|Win32.Build.0 = Debug|Win32
		{DF1F349C-5E5F-46C9-A0E3-763C63BB9B1A}.Release|Win32.ActiveCfg = Release|Win32
		{DF1F349C-5E5F-46C9-A0E3-763C63BB9B1A}.Release|Win32.Build.0 = Release|Win32
		{DF813E88-D342-4D05-A250-0919143B1511}.Debug|Win32.ActiveCfg = Debug|Win32
		{DF813E88-D342-4D05-A250-0919143B1511}.Debug|Win32.Build.0 = Debug|Win32
		{DF813E88-D342-4D05-A250-0919143B1511}.LibDebugRuntimeDll|Win32.ActiveCfg = Debug|Win32
		{DF813E88-D342-4D05-A250-0919143B1511}.LibDebugRuntimeDll|Win32.Build.0 = Debug|Win32
		{DF813E88-D342-4D05-A250-0919143B1511}.Release|Win32.ActiveCfg = Release|Win32
		{DF813E88-D342-4D05-A250-0919143B1511}.Release|Win32.Build.0 = Release|Win32
		{A69BE7E6-54CB-4686-BA58-6428A4D58B6A}.Debug|Win32.ActiveCfg = Debug|Win32
		{A69BE7E6-54CB-4686-BA58-6428A4D58B6A}.Debug|Win32.Build.0 = Debug|Win32
		{A69BE7E6-54CB-4686-BA58-6428A4D58B6A}.LibDebugRuntimeDll|Win32.ActiveCfg = Debug|Win32
		{A69BE7E6-54CB-4686-BA58-6428A4D58B6A}.LibDebugRuntimeDll|Win32.Build.0 = Debug|Win32
		{A69BE7E6-54CB-4686-BA58-6428A4D58B6A}.Release|Win32.ActiveCfg = Release|Win32
		{A69BE7E6-54CB-4686-BA58-6428A4D58B6A}.Release|Win32.Build.0 = Release|Win32
		{476E95F0-5248-4495-9414-67C0A9BFF25C}.Debug|Win32.ActiveCfg = Debug|Win32
		{476E95F0-5248-4495-9414-67C0A9BFF25C}.Debug|Win32.Build.0 = Debug|Win32
		{476E95F0-5248-4495-9414-67C0A9BFF25C}.LibDebugRuntimeDll|Win32.ActiveCfg = Debug|Win32
		{476E95F0-5248-4495-9414-67C0A9BFF25C}.LibDebugRuntimeDll|Win32.Build.0 = Debug|Win32
		{476E95F0-5248-4495-9414-67C0A9BFF25C}.Release|Win32.ActiveCfg = Release|Win32
		{476E95F0-5248-4495-9414-67C0A9BFF25C}.Release|Win32.Build.0 = Release|Win32
		{81513D83-FED3-47A7-BB22-CF90C47CA8F9}.Debug|Win32.ActiveCfg = Debug|Win32
		{81513D83-FED3-47A7-BB22-CF90C47CA8F9}.Debug|Win32.Build.0 = Debug|Win32
		{81513D83-FED3-47A7-BB22-CF90C47CA8F9}.LibDebugRuntimeDll|Win32.ActiveCfg = Debug|Win32
		{81513D83-FED3-47A7-BB22-CF90C47CA8F9}.LibDebugRuntimeDll|Win32.Build.0 = Debug|Win32
		{81513D83-FED3-47A7-BB22-CF90C47CA8F9}.Release|Win32.ActiveCfg = Release|Win32
		{81513D83-FED3-47A7-BB22-CF90C47CA8F9}.Release|Win32.Build.0 = Release|Win32
		{D3D1A3AE-9BB8-490D-A668-8D8BA602B54E}.Debug|Win32.ActiveCfg = Debug|Win32
		{D3D1A3AE-9BB8-490D-A668-8D8BA602B54E}.Debug|Win32.Build.0 = Debug|Win32
		{D3D1A3AE-9BB8-490D-A668-8D8BA602B54E}.LibDebugRuntimeDll|Win32.ActiveCfg = Debug|Win32
		{D3D1A3AE-9BB8-490D-A668-8D8BA602B54E}.LibDebugRuntimeDll|Win32.Build.0 = Debug|Win32
		{D3D1A3AE-9BB8-490D-A668-8D8BA602B54E}.Release|Win32.ActiveCfg = Release|Win32
		{D3D1A3AE-9BB8-490D-A668-8D8BA602B54E}.Release|Win32.Build.0 = Release|Win32
		{D7E64D11-C9B1-4FF0-8B37-1D9500EC9C5F}.Debug|Win32.ActiveCfg = Debug|Win32
		{D7E64D11-C9B1-4FF0-8B37-1D9500EC9C5F}.Debug|Win32.Build.0 = Debug|Win32
		{D7E64D11-C9B1-4FF0-8B37-1D9500EC9C5F}.LibDebugRuntimeDll|Win32.ActiveCfg = LibDebugRuntimeDll|Win32
		{D7E64D11-C9B1-4FF0-8B37-1D9500EC9C5F}.LibDebugRuntimeDll|Win32.Build.0 = LibDebugRuntimeDll|Win32
		{D7E64D11-C9B1-4FF0-8B37-1D9500EC9C5F}.Release|Win32.ActiveCfg = Release|Win32
		{D7E64D11-C9B1-4FF0-8B37-1D9500EC9C5F}.Release|Win32.Build.0 = Release|Win32
		{9E6B13EB-68C2-432C-9089-85154BFA263B}.Debug|Win32.ActiveCfg = Debug|Win32
		{9E6B13EB-68C2-432C-9089-85154BFA263B}.Debug|Win32.Build.0 = Debug|Win32
		{9E6B13EB-68C2-432C-9089-85154BFA263B}.LibDebugRuntimeDll|Win32.ActiveCfg = LibDebugRuntimeDll|Win32
		{9E6B13EB-68C2-432C-9089-85154BFA263B}.LibDebugRuntimeDll|Win32.Build.0 = LibDebugRuntimeDll|Win32
		{9E6B13EB-68C2-432C-9089-85154BFA263B}.Release|Win32.ActiveCfg = Release|Win32
		{9E6B13EB-68C2-432C-9089-85154BFA263B}.Release|Win32.Build.0 = Release|Win32
	EndGlobalSection
	GlobalSection(SolutionProperties) = preSolution
		HideSolutionNode = FALSE
	EndGlobalSection
EndGlobal
