
Microsoft Visual Studio Solution File, Format Version 9.00
# Visual Studio 2005
Project("{8BC9CEB8-8B4A-11D0-8D11-00A0C91BC942}") = "CJ60Lib", "source\CJ60Lib\CJ60Lib.vcproj", "{DF1F349C-5E5F-46C9-A0E3-763C63BB9B1A}"
EndProject
Project("{8BC9CEB8-8B4A-11D0-8D11-00A0C91BC942}") = "CJ60StaticLib", "source\CJ60Lib\CJ60StaticLib.vcproj", "{DF813E88-D342-4D05-A250-0919143B1511}"
EndProject
Project("{8BC9CEB8-8B4A-11D0-8D11-00A0C91BC942}") = "SciLexer", "source\scintilla\SciLexer.vcproj", "{A69BE7E6-54CB-4686-BA58-6428A4D58B6A}"
EndProject
Project("{8BC9CEB8-8B4A-11D0-8D11-00A0C91BC942}") = "compiler", "source\compiler\compiler.vcproj", "{477E100D-9D43-45A5-8AF7-970F9A3B10AA}"
	ProjectSection(ProjectDependencies) = postProject
		{2057289B-0AA1-4817-A5B7-B1FDDBF20EDC} = {2057289B-0AA1-4817-A5B7-B1FDDBF20EDC}
		{FF95C12D-63C4-483C-A4E2-D7AA1BB0CE43} = {FF95C12D-63C4-483C-A4E2-D7AA1BB0CE43}
	EndProjectSection
EndProject
Project("{8BC9CEB8-8B4A-11D0-8D11-00A0C91BC942}") = "core", "SOURCE\core\core.vcproj", "{FF95C12D-63C4-483C-A4E2-D7AA1BB0CE43}"
EndProject
Project("{8BC9CEB8-8B4A-11D0-8D11-00A0C91BC942}") = "dbg_stub", "SOURCE\dbg_stub\dbg_stub.vcproj", "{D93332F0-8837-4CA0-8641-88BE321825D6}"
EndProject
Project("{8BC9CEB8-8B4A-11D0-8D11-00A0C91BC942}") = "ide2", "source\Ide2\ide2.vcproj", "{476E95F0-5248-4495-9414-67C0A9BFF25C}"
	ProjectSection(ProjectDependencies) = postProject
		{81513D83-FED3-47A7-BB22-CF90C47CA8F9} = {81513D83-FED3-47A7-BB22-CF90C47CA8F9}
		{D50F852F-F163-4FD3-8418-A59D6875062C} = {D50F852F-F163-4FD3-8418-A59D6875062C}
		{D3D1A3AE-9BB8-490D-A668-8D8BA602B54E} = {D3D1A3AE-9BB8-490D-A668-8D8BA602B54E}
		{2057289B-0AA1-4817-A5B7-B1FDDBF20EDC} = {2057289B-0AA1-4817-A5B7-B1FDDBF20EDC}
		{FF95C12D-63C4-483C-A4E2-D7AA1BB0CE43} = {FF95C12D-63C4-483C-A4E2-D7AA1BB0CE43}
		{477E100D-9D43-45A5-8AF7-970F9A3B10AA} = {477E100D-9D43-45A5-8AF7-970F9A3B10AA}
		{A69BE7E6-54CB-4686-BA58-6428A4D58B6A} = {A69BE7E6-54CB-4686-BA58-6428A4D58B6A}
		{DF1F349C-5E5F-46C9-A0E3-763C63BB9B1A} = {DF1F349C-5E5F-46C9-A0E3-763C63BB9B1A}
	EndProjectSection
EndProject
Project("{8BC9CEB8-8B4A-11D0-8D11-00A0C91BC942}") = "interpreter", "SOURCE\interpreter\interpreter.vcproj", "{D50F852F-F163-4FD3-8418-A59D6875062C}"
	ProjectSection(ProjectDependencies) = postProject
		{2057289B-0AA1-4817-A5B7-B1FDDBF20EDC} = {2057289B-0AA1-4817-A5B7-B1FDDBF20EDC}
		{FF95C12D-63C4-483C-A4E2-D7AA1BB0CE43} = {FF95C12D-63C4-483C-A4E2-D7AA1BB0CE43}
	EndProjectSection
EndProject
Project("{8BC9CEB8-8B4A-11D0-8D11-00A0C91BC942}") = "libapi", "SOURCE\libapi\libapi.vcproj", "{81513D83-FED3-47A7-BB22-CF90C47CA8F9}"
EndProject
Project("{8BC9CEB8-8B4A-11D0-8D11-00A0C91BC942}") = "standard", "source\standard\standard.vcproj", "{2057289B-0AA1-4817-A5B7-B1FDDBF20EDC}"
EndProject
Project("{8BC9CEB8-8B4A-11D0-8D11-00A0C91BC942}") = "stdlib", "SOURCE\stdlib\stdlib.vcproj", "{D3D1A3AE-9BB8-490D-A668-8D8BA602B54E}"
	ProjectSection(ProjectDependencies) = postProject
		{81513D83-FED3-47A7-BB22-CF90C47CA8F9} = {81513D83-FED3-47A7-BB22-CF90C47CA8F9}
	EndProjectSection
EndProject
Global
	GlobalSection(SolutionConfigurationPlatforms) = preSolution
		Debug|Win32 = Debug|Win32
		Release|Win32 = Release|Win32
	EndGlobalSection
	GlobalSection(ProjectConfigurationPlatforms) = postSolution
		{DF1F349C-5E5F-46C9-A0E3-763C63BB9B1A}.Debug|Win32.ActiveCfg = Debug|Win32
		{DF1F349C-5E5F-46C9-A0E3-763C63BB9B1A}.Debug|Win32.Build.0 = Debug|Win32
		{DF1F349C-5E5F-46C9-A0E3-763C63BB9B1A}.Release|Win32.ActiveCfg = Release|Win32
		{DF1F349C-5E5F-46C9-A0E3-763C63BB9B1A}.Release|Win32.Build.0 = Release|Win32
		{DF813E88-D342-4D05-A250-0919143B1511}.Debug|Win32.ActiveCfg = Debug|Win32
		{DF813E88-D342-4D05-A250-0919143B1511}.Debug|Win32.Build.0 = Debug|Win32
		{DF813E88-D342-4D05-A250-0919143B1511}.Release|Win32.ActiveCfg = Release|Win32
		{DF813E88-D342-4D05-A250-0919143B1511}.Release|Win32.Build.0 = Release|Win32
		{A69BE7E6-54CB-4686-BA58-6428A4D58B6A}.Debug|Win32.ActiveCfg = Debug|Win32
		{A69BE7E6-54CB-4686-BA58-6428A4D58B6A}.Debug|Win32.Build.0 = Debug|Win32
		{A69BE7E6-54CB-4686-BA58-6428A4D58B6A}.Release|Win32.ActiveCfg = Release|Win32
		{A69BE7E6-54CB-4686-BA58-6428A4D58B6A}.Release|Win32.Build.0 = Release|Win32
		{477E100D-9D43-45A5-8AF7-970F9A3B10AA}.Debug|Win32.ActiveCfg = Debug|Win32
		{477E100D-9D43-45A5-8AF7-970F9A3B10AA}.Debug|Win32.Build.0 = Debug|Win32
		{477E100D-9D43-45A5-8AF7-970F9A3B10AA}.Release|Win32.ActiveCfg = Release|Win32
		{477E100D-9D43-45A5-8AF7-970F9A3B10AA}.Release|Win32.Build.0 = Release|Win32
		{FF95C12D-63C4-483C-A4E2-D7AA1BB0CE43}.Debug|Win32.ActiveCfg = Debug|Win32
		{FF95C12D-63C4-483C-A4E2-D7AA1BB0CE43}.Debug|Win32.Build.0 = Debug|Win32
		{FF95C12D-63C4-483C-A4E2-D7AA1BB0CE43}.Release|Win32.ActiveCfg = Release|Win32
		{FF95C12D-63C4-483C-A4E2-D7AA1BB0CE43}.Release|Win32.Build.0 = Release|Win32
		{D93332F0-8837-4CA0-8641-88BE321825D6}.Debug|Win32.ActiveCfg = Debug|Win32
		{D93332F0-8837-4CA0-8641-88BE321825D6}.Debug|Win32.Build.0 = Debug|Win32
		{D93332F0-8837-4CA0-8641-88BE321825D6}.Release|Win32.ActiveCfg = Release|Win32
		{D93332F0-8837-4CA0-8641-88BE321825D6}.Release|Win32.Build.0 = Release|Win32
		{476E95F0-5248-4495-9414-67C0A9BFF25C}.Debug|Win32.ActiveCfg = Debug|Win32
		{476E95F0-5248-4495-9414-67C0A9BFF25C}.Debug|Win32.Build.0 = Debug|Win32
		{476E95F0-5248-4495-9414-67C0A9BFF25C}.Release|Win32.ActiveCfg = Release|Win32
		{476E95F0-5248-4495-9414-67C0A9BFF25C}.Release|Win32.Build.0 = Release|Win32
		{D50F852F-F163-4FD3-8418-A59D6875062C}.Debug|Win32.ActiveCfg = Debug|Win32
		{D50F852F-F163-4FD3-8418-A59D6875062C}.Debug|Win32.Build.0 = Debug|Win32
		{D50F852F-F163-4FD3-8418-A59D6875062C}.Release|Win32.ActiveCfg = Release|Win32
		{D50F852F-F163-4FD3-8418-A59D6875062C}.Release|Win32.Build.0 = Release|Win32
		{81513D83-FED3-47A7-BB22-CF90C47CA8F9}.Debug|Win32.ActiveCfg = Debug|Win32
		{81513D83-FED3-47A7-BB22-CF90C47CA8F9}.Debug|Win32.Build.0 = Debug|Win32
		{81513D83-FED3-47A7-BB22-CF90C47CA8F9}.Release|Win32.ActiveCfg = Release|Win32
		{81513D83-FED3-47A7-BB22-CF90C47CA8F9}.Release|Win32.Build.0 = Release|Win32
		{2057289B-0AA1-4817-A5B7-B1FDDBF20EDC}.Debug|Win32.ActiveCfg = Debug|Win32
		{2057289B-0AA1-4817-A5B7-B1FDDBF20EDC}.Debug|Win32.Build.0 = Debug|Win32
		{2057289B-0AA1-4817-A5B7-B1FDDBF20EDC}.Release|Win32.ActiveCfg = Release|Win32
		{2057289B-0AA1-4817-A5B7-B1FDDBF20EDC}.Release|Win32.Build.0 = Release|Win32
		{D3D1A3AE-9BB8-490D-A668-8D8BA602B54E}.Debug|Win32.ActiveCfg = Debug|Win32
		{D3D1A3AE-9BB8-490D-A668-8D8BA602B54E}.Debug|Win32.Build.0 = Debug|Win32
		{D3D1A3AE-9BB8-490D-A668-8D8BA602B54E}.Release|Win32.ActiveCfg = Release|Win32
		{D3D1A3AE-9BB8-490D-A668-8D8BA602B54E}.Release|Win32.Build.0 = Release|Win32
	EndGlobalSection
	GlobalSection(SolutionProperties) = preSolution
		HideSolutionNode = FALSE
	EndGlobalSection
EndGlobal
