
Microsoft Visual Studio Solution File, Format Version 9.00
# Visual Studio 2005
Project("{8BC9CEB8-8B4A-11D0-8D11-00A0C91BC942}") = "HookInjEx", "HookInjEx\HookInjEx.vcproj", "{08FD5D24-5E3E-4911-8722-0A6ED5598316}"
	ProjectSection(ProjectDependencies) = postProject
		{0F62652D-7E9C-4865-AD1D-19F4816E4C1B} = {0F62652D-7E9C-4865-AD1D-19F4816E4C1B}
	EndProjectSection
EndProject
Project("{8BC9CEB8-8B4A-11D0-8D11-00A0C91BC942}") = "HookInjEx_DLL", "HookInjEx_DLL\HookInjEx_DLL.vcproj", "{0F62652D-7E9C-4865-AD1D-19F4816E4C1B}"
EndProject
Global
	GlobalSection(SolutionConfigurationPlatforms) = preSolution
		Debug|Win32 = Debug|Win32
		Release|Win32 = Release|Win32
	EndGlobalSection
	GlobalSection(ProjectConfigurationPlatforms) = postSolution
		{08FD5D24-5E3E-4911-8722-0A6ED5598316}.Debug|Win32.ActiveCfg = Debug|Win32
		{08FD5D24-5E3E-4911-8722-0A6ED5598316}.Debug|Win32.Build.0 = Debug|Win32
		{08FD5D24-5E3E-4911-8722-0A6ED5598316}.Release|Win32.ActiveCfg = Release|Win32
		{08FD5D24-5E3E-4911-8722-0A6ED5598316}.Release|Win32.Build.0 = Release|Win32
		{0F62652D-7E9C-4865-AD1D-19F4816E4C1B}.Debug|Win32.ActiveCfg = Debug|Win32
		{0F62652D-7E9C-4865-AD1D-19F4816E4C1B}.Debug|Win32.Build.0 = Debug|Win32
		{0F62652D-7E9C-4865-AD1D-19F4816E4C1B}.Release|Win32.ActiveCfg = Release|Win32
		{0F62652D-7E9C-4865-AD1D-19F4816E4C1B}.Release|Win32.Build.0 = Release|Win32
	EndGlobalSection
	GlobalSection(SolutionProperties) = preSolution
		HideSolutionNode = FALSE
	EndGlobalSection
EndGlobal
