<?xml version="1.0" encoding="utf-8"?>
<Project ToolsVersion="4.0" xmlns="http://schemas.microsoft.com/developer/msbuild/2003">
  <ItemGroup>
    <Filter Include="Source Files">
      <UniqueIdentifier>{d27806ba-02a1-4253-a8bb-d1945834099f}</UniqueIdentifier>
      <Extensions>cpp;c;cxx;rc;def;r;odl;idl;hpj;bat</Extensions>
    </Filter>
    <Filter Include="Header Files">
      <UniqueIdentifier>{bb4f7afe-0dd3-4b2b-a06a-eea450fded4a}</UniqueIdentifier>
      <Extensions>h;hpp;hxx;hm;inl</Extensions>
    </Filter>
    <Filter Include="Resource Files">
      <UniqueIdentifier>{2ea8b384-189a-4995-8b84-d2c3d05ec98e}</UniqueIdentifier>
      <Extensions>ico;cur;bmp;dlg;rc2;rct;bin;rgs;gif;jpg;jpeg;jpe</Extensions>
    </Filter>
  </ItemGroup>
  <ItemGroup>
    <ClCompile Include="AutoComplete.cxx">
      <Filter>Source Files</Filter>
    </ClCompile>
    <ClCompile Include="CallTip.cxx">
      <Filter>Source Files</Filter>
    </ClCompile>
    <ClCompile Include="CellBuffer.cxx">
      <Filter>Source Files</Filter>
    </ClCompile>
    <ClCompile Include="ContractionState.cxx">
      <Filter>Source Files</Filter>
    </ClCompile>
    <ClCompile Include="Document.cxx">
      <Filter>Source Files</Filter>
    </ClCompile>
    <ClCompile Include="DocumentAccessor.cxx">
      <Filter>Source Files</Filter>
    </ClCompile>
    <ClCompile Include="Editor.cxx">
      <Filter>Source Files</Filter>
    </ClCompile>
    <ClCompile Include="win32\ExternalLexer.cxx">
      <Filter>Source Files</Filter>
    </ClCompile>
    <ClCompile Include="Indicator.cxx">
      <Filter>Source Files</Filter>
    </ClCompile>
    <ClCompile Include="KeyMap.cxx">
      <Filter>Source Files</Filter>
    </ClCompile>
    <ClCompile Include="KeyWords.cxx">
      <Filter>Source Files</Filter>
    </ClCompile>
    <ClCompile Include="LexAda.cxx">
      <Filter>Source Files</Filter>
    </ClCompile>
    <ClCompile Include="LexAVE.cxx">
      <Filter>Source Files</Filter>
    </ClCompile>
    <ClCompile Include="LexBaan.cxx">
      <Filter>Source Files</Filter>
    </ClCompile>
    <ClCompile Include="LexBullant.cxx">
      <Filter>Source Files</Filter>
    </ClCompile>
    <ClCompile Include="LexConf.cxx">
      <Filter>Source Files</Filter>
    </ClCompile>
    <ClCompile Include="LexCPP.cxx">
      <Filter>Source Files</Filter>
    </ClCompile>
    <ClCompile Include="LexCrontab.cxx">
      <Filter>Source Files</Filter>
    </ClCompile>
    <ClCompile Include="LexEiffel.cxx">
      <Filter>Source Files</Filter>
    </ClCompile>
    <ClCompile Include="LexHTML.cxx">
      <Filter>Source Files</Filter>
    </ClCompile>
    <ClCompile Include="LexLisp.cxx">
      <Filter>Source Files</Filter>
    </ClCompile>
    <ClCompile Include="LexLua.cxx">
      <Filter>Source Files</Filter>
    </ClCompile>
    <ClCompile Include="LexMatlab.cxx">
      <Filter>Source Files</Filter>
    </ClCompile>
    <ClCompile Include="LexOthers.cxx">
      <Filter>Source Files</Filter>
    </ClCompile>
    <ClCompile Include="LexPascal.cxx">
      <Filter>Source Files</Filter>
    </ClCompile>
    <ClCompile Include="LexPerl.cxx">
      <Filter>Source Files</Filter>
    </ClCompile>
    <ClCompile Include="LexPython.cxx">
      <Filter>Source Files</Filter>
    </ClCompile>
    <ClCompile Include="LexRuby.cxx">
      <Filter>Source Files</Filter>
    </ClCompile>
    <ClCompile Include="LexSQL.cxx">
      <Filter>Source Files</Filter>
    </ClCompile>
    <ClCompile Include="LexVB.cxx">
      <Filter>Source Files</Filter>
    </ClCompile>
    <ClCompile Include="LineMarker.cxx">
      <Filter>Source Files</Filter>
    </ClCompile>
    <ClCompile Include="win32\PlatWin.cxx">
      <Filter>Source Files</Filter>
    </ClCompile>
    <ClCompile Include="PropSet.cxx">
      <Filter>Source Files</Filter>
    </ClCompile>
    <ClCompile Include="RESearch.cxx">
      <Filter>Source Files</Filter>
    </ClCompile>
    <ClCompile Include="ScintillaBase.cxx">
      <Filter>Source Files</Filter>
    </ClCompile>
    <ClCompile Include="win32\ScintillaWin.cxx">
      <Filter>Source Files</Filter>
    </ClCompile>
    <ClCompile Include="Style.cxx">
      <Filter>Source Files</Filter>
    </ClCompile>
    <ClCompile Include="StyleContext.cxx">
      <Filter>Source Files</Filter>
    </ClCompile>
    <ClCompile Include="UniConversion.cxx">
      <Filter>Source Files</Filter>
    </ClCompile>
    <ClCompile Include="ViewStyle.cxx">
      <Filter>Source Files</Filter>
    </ClCompile>
    <ClCompile Include="WindowAccessor.cxx">
      <Filter>Source Files</Filter>
    </ClCompile>
  </ItemGroup>
  <ItemGroup>
    <ResourceCompile Include="win32\ScintRes.rc">
      <Filter>Source Files</Filter>
    </ResourceCompile>
  </ItemGroup>
  <ItemGroup>
    <ClInclude Include="Platform.h">
      <Filter>Header Files</Filter>
    </ClInclude>
  </ItemGroup>
  <ItemGroup>
    <None Include="ReadMe.txt" />
  </ItemGroup>
</Project>