
Microsoft Visual Studio Solution File, Format Version 9.00
# Visual Studio 2005
Project("{8BC9CEB8-8B4A-11D0-8D11-00A0C91BC942}") = "StarLib", "StarLib\StarLib.vcproj", "{D6CF1991-385C-4F42-9C1F-1C360A0FD97E}"
EndProject
Global
	GlobalSection(SolutionConfigurationPlatforms) = preSolution
		CUI_Debug|Win32 = CUI_Debug|Win32
		Debug|Win32 = Debug|Win32
		Release|Win32 = Release|Win32
	EndGlobalSection
	GlobalSection(ProjectConfigurationPlatforms) = postSolution
		{D6CF1991-385C-4F42-9C1F-1C360A0FD97E}.CUI_Debug|Win32.ActiveCfg = CUI_Debug|Win32
		{D6CF1991-385C-4F42-9C1F-1C360A0FD97E}.CUI_Debug|Win32.Build.0 = CUI_Debug|Win32
		{D6CF1991-385C-4F42-9C1F-1C360A0FD97E}.Debug|Win32.ActiveCfg = Debug|Win32
		{D6CF1991-385C-4F42-9C1F-1C360A0FD97E}.Debug|Win32.Build.0 = Debug|Win32
		{D6CF1991-385C-4F42-9C1F-1C360A0FD97E}.Release|Win32.ActiveCfg = Release|Win32
		{D6CF1991-385C-4F42-9C1F-1C360A0FD97E}.Release|Win32.Build.0 = Release|Win32
	EndGlobalSection
	GlobalSection(SolutionProperties) = preSolution
		HideSolutionNode = FALSE
	EndGlobalSection
EndGlobal
