
Microsoft Visual Studio Solution File, Format Version 9.00
# Visual Studio 2005
Project("{8BC9CEB8-8B4A-11D0-8D11-00A0C91BC942}") = "sqlite", "sqlite.vcproj", "{67ACC9BC-CE3A-4897-80B0-2AC452E3CF3F}"
EndProject
Project("{8BC9CEB8-8B4A-11D0-8D11-00A0C91BC942}") = "testsqlite", "testsqlite\testsqlite.vcproj", "{3288872A-9B16-4003-9825-F981E8F9954E}"
EndProject
Global
	GlobalSection(SolutionConfigurationPlatforms) = preSolution
		Debug|Win32 = Debug|Win32
		Release|Win32 = Release|Win32
	EndGlobalSection
	GlobalSection(ProjectConfigurationPlatforms) = postSolution
		{67ACC9BC-CE3A-4897-80B0-2AC452E3CF3F}.Debug|Win32.ActiveCfg = Debug|Win32
		{67ACC9BC-CE3A-4897-80B0-2AC452E3CF3F}.Debug|Win32.Build.0 = Debug|Win32
		{67ACC9BC-CE3A-4897-80B0-2AC452E3CF3F}.Release|Win32.ActiveCfg = Release|Win32
		{67ACC9BC-CE3A-4897-80B0-2AC452E3CF3F}.Release|Win32.Build.0 = Release|Win32
		{3288872A-9B16-4003-9825-F981E8F9954E}.Debug|Win32.ActiveCfg = Debug|Win32
		{3288872A-9B16-4003-9825-F981E8F9954E}.Debug|Win32.Build.0 = Debug|Win32
		{3288872A-9B16-4003-9825-F981E8F9954E}.Release|Win32.ActiveCfg = Release|Win32
		{3288872A-9B16-4003-9825-F981E8F9954E}.Release|Win32.Build.0 = Release|Win32
	EndGlobalSection
	GlobalSection(SolutionProperties) = preSolution
		HideSolutionNode = FALSE
	EndGlobalSection
EndGlobal

