
Microsoft Visual Studio Solution File, Format Version 9.00
# Visual Studio 2005
Project("{8BC9CEB8-8B4A-11D0-8D11-00A0C91BC942}") = "WinSpy", "WinSpy.vcproj", "{FB1B1AD2-719B-4C8F-8085-D014661871EE}"
EndProject
Global
	GlobalSection(SolutionConfigurationPlatforms) = preSolution
		Debug|Win32 = Debug|Win32
		Release|Win32 = Release|Win32
	EndGlobalSection
	GlobalSection(ProjectConfigurationPlatforms) = postSolution
		{FB1B1AD2-719B-4C8F-8085-D014661871EE}.Debug|Win32.ActiveCfg = Debug|Win32
		{FB1B1AD2-719B-4C8F-8085-D014661871EE}.Debug|Win32.Build.0 = Debug|Win32
		{FB1B1AD2-719B-4C8F-8085-D014661871EE}.Release|Win32.ActiveCfg = Release|Win32
		{FB1B1AD2-719B-4C8F-8085-D014661871EE}.Release|Win32.Build.0 = Release|Win32
	EndGlobalSection
	GlobalSection(SolutionProperties) = preSolution
		HideSolutionNode = FALSE
	EndGlobalSection
EndGlobal
